
Microsoft Visual Studio Solution File, Format Version 12.00
# Visual Studio Version 16
VisualStudioVersion = 16.0.29418.71
MinimumVisualStudioVersion = 10.0.40219.1
Project("{888888A0-9F3D-457C-B088-3A5042F75D52}") = "AHSniperToolV1", "AHSniperToolV1\AHSniperToolV1.pyproj", "{5393F37C-73C0-4BA3-9141-402A9BC30363}"
EndProject
Global
	GlobalSection(SolutionConfigurationPlatforms) = preSolution
		Debug|Any CPU = Debug|Any CPU
		Release|Any CPU = Release|Any CPU
	EndGlobalSection
	GlobalSection(ProjectConfigurationPlatforms) = postSolution
		{5393F37C-73C0-4BA3-9141-402A9BC30363}.Debug|Any CPU.ActiveCfg = Debug|Any CPU
		{5393F37C-73C0-4BA3-9141-402A9BC30363}.Debug|Any CPU.Build.0 = Debug|Any CPU
		{5393F37C-73C0-4BA3-9141-402A9BC30363}.Release|Any CPU.ActiveCfg = Release|Any CPU
		{5393F37C-73C0-4BA3-9141-402A9BC30363}.Release|Any CPU.Build.0 = Release|Any CPU
	EndGlobalSection
	GlobalSection(SolutionProperties) = preSolution
		HideSolutionNode = FALSE
	EndGlobalSection
	GlobalSection(ExtensibilityGlobals) = postSolution
		SolutionGuid = {CFAE098A-47DB-4FEE-B2FE-DA1A416742DA}
	EndGlobalSection
EndGlobal
